
Microsoft Visual Studio Solution File, Format Version 12.00
# Visual Studio Version 16
VisualStudioVersion = 16.0.30114.105
MinimumVisualStudioVersion = 10.0.40219.1
Project("{FAE04EC0-301F-11D3-BF4B-00C04F79EFBC}") = "Yup.MassTransit", "src\Yup.MassTransit\Yup.MassTransit.csproj", "{6F5328D9-9DE5-4D8A-A041-D92C27190089}"
EndProject
Global
	GlobalSection(SolutionConfigurationPlatforms) = preSolution
		Debug|Any CPU = Debug|Any CPU
		Release|Any CPU = Release|Any CPU
	EndGlobalSection
	GlobalSection(ProjectConfigurationPlatforms) = postSolution
		{6F5328D9-9DE5-4D8A-A041-D92C27190089}.Debug|Any CPU.ActiveCfg = Debug|Any CPU
		{6F5328D9-9DE5-4D8A-A041-D92C27190089}.Debug|Any CPU.Build.0 = Debug|Any CPU
		{6F5328D9-9DE5-4D8A-A041-D92C27190089}.Release|Any CPU.ActiveCfg = Release|Any CPU
		{6F5328D9-9DE5-4D8A-A041-D92C27190089}.Release|Any CPU.Build.0 = Release|Any CPU
	EndGlobalSection
	GlobalSection(SolutionProperties) = preSolution
		HideSolutionNode = FALSE
	EndGlobalSection
	GlobalSection(ExtensibilityGlobals) = postSolution
		SolutionGuid = {E4A6F891-9401-4348-AA29-55024B70C900}
	EndGlobalSection
EndGlobal
